
Microsoft Visual Studio Solution File, Format Version 12.00
# Visual Studio Version 17
VisualStudioVersion = 17.9.34723.18
MinimumVisualStudioVersion = 10.0.40219.1
Project("{FAE04EC0-301F-11D3-BF4B-00C04F79EFBC}") = "LinkedListLibrary", "LinkedListLibrary\LinkedListLibrary.csproj", "{40B8D8C9-4F07-433A-87F6-B6EDDE557249}"
EndProject
Global
	GlobalSection(SolutionConfigurationPlatforms) = preSolution
		Debug|Any CPU = Debug|Any CPU
		Release|Any CPU = Release|Any CPU
	EndGlobalSection
	GlobalSection(ProjectConfigurationPlatforms) = postSolution
		{40B8D8C9-4F07-433A-87F6-B6EDDE557249}.Debug|Any CPU.ActiveCfg = Debug|Any CPU
		{40B8D8C9-4F07-433A-87F6-B6EDDE557249}.Debug|Any CPU.Build.0 = Debug|Any CPU
		{40B8D8C9-4F07-433A-87F6-B6EDDE557249}.Release|Any CPU.ActiveCfg = Release|Any CPU
		{40B8D8C9-4F07-433A-87F6-B6EDDE557249}.Release|Any CPU.Build.0 = Release|Any CPU
	EndGlobalSection
	GlobalSection(SolutionProperties) = preSolution
		HideSolutionNode = FALSE
	EndGlobalSection
	GlobalSection(ExtensibilityGlobals) = postSolution
		SolutionGuid = {21FBE00A-E5CA-4727-BC76-DA4CCCDE443B}
	EndGlobalSection
EndGlobal
